// !$*UTF8*$!
{
	archiveVersion = 1;
	classes = {
	};
	objectVersion = 46;
	objects = {

/* Begin PBXBuildFile section */
		00B30EA9187E6E8E00379CFD /* Foundation.framework in Frameworks */ = {isa = PBXBuildFile; fileRef = 00B30EA8187E6E8E00379CFD /* Foundation.framework */; };
		00B30EAB187E6E8E00379CFD /* CoreGraphics.framework in Frameworks */ = {isa = PBXBuildFile; fileRef = 00B30EAA187E6E8E00379CFD /* CoreGraphics.framework */; };
		00B30EAD187E6E8E00379CFD /* UIKit.framework in Frameworks */ = {isa = PBXBuildFile; fileRef = 00B30EAC187E6E8E00379CFD /* UIKit.framework */; };
		00B30EB3187E6E8E00379CFD /* InfoPlist.strings in Resources */ = {isa = PBXBuildFile; fileRef = 00B30EB1187E6E8E00379CFD /* InfoPlist.strings */; };
		00B30EB5187E6E8E00379CFD /* main.m in Sources */ = {isa = PBXBuildFile; fileRef = 00B30EB4187E6E8E00379CFD /* main.m */; };
		00B30EB9187E6E8E00379CFD /* AppDelegate.m in Sources */ = {isa = PBXBuildFile; fileRef = 00B30EB8187E6E8E00379CFD /* AppDelegate.m */; };
		00B30EBC187E6E8E00379CFD /* Main.storyboard in Resources */ = {isa = PBXBuildFile; fileRef = 00B30EBA187E6E8E00379CFD /* Main.storyboard */; };
		00B30EBF187E6E8E00379CFD /* ViewController.m in Sources */ = {isa = PBXBuildFile; fileRef = 00B30EBE187E6E8E00379CFD /* ViewController.m */; };
		00B30EC1187E6E8E00379CFD /* Images.xcassets in Resources */ = {isa = PBXBuildFile; fileRef = 00B30EC0187E6E8E00379CFD /* Images.xcassets */; };
		00B30EC8187E6E8E00379CFD /* XCTest.framework in Frameworks */ = {isa = PBXBuildFile; fileRef = 00B30EC7187E6E8E00379CFD /* XCTest.framework */; };
		00B30EC9187E6E8E00379CFD /* Foundation.framework in Frameworks */ = {isa = PBXBuildFile; fileRef = 00B30EA8187E6E8E00379CFD /* Foundation.framework */; };
		00B30ECA187E6E8E00379CFD /* UIKit.framework in Frameworks */ = {isa = PBXBuildFile; fileRef = 00B30EAC187E6E8E00379CFD /* UIKit.framework */; };
		00B30ED2187E6E8E00379CFD /* InfoPlist.strings in Resources */ = {isa = PBXBuildFile; fileRef = 00B30ED0187E6E8E00379CFD /* InfoPlist.strings */; };
		00B30ED4187E6E8E00379CFD /* TouchDrawingTests.m in Sources */ = {isa = PBXBuildFile; fileRef = 00B30ED3187E6E8E00379CFD /* TouchDrawingTests.m */; };
		00B30EDF187E6EB700379CFD /* DrawingView.m in Sources */ = {isa = PBXBuildFile; fileRef = 00B30EDE187E6EB700379CFD /* DrawingView.m */; };
/* End PBXBuildFile section */

/* Begin PBXContainerItemProxy section */
		00B30ECB187E6E8E00379CFD /* PBXContainerItemProxy */ = {
			isa = PBXContainerItemProxy;
			containerPortal = 00B30E9D187E6E8E00379CFD /* Project object */;
			proxyType = 1;
			remoteGlobalIDString = 00B30EA4187E6E8E00379CFD;
			remoteInfo = TouchDrawing;
		};
/* End PBXContainerItemProxy section */

/* Begin PBXFileReference section */
		00B30EA5187E6E8E00379CFD /* TouchDrawing.app */ = {isa = PBXFileReference; explicitFileType = wrapper.application; includeInIndex = 0; path = TouchDrawing.app; sourceTree = BUILT_PRODUCTS_DIR; };
		00B30EA8187E6E8E00379CFD /* Foundation.framework */ = {isa = PBXFileReference; lastKnownFileType = wrapper.framework; name = Foundation.framework; path = System/Library/Frameworks/Foundation.framework; sourceTree = SDKROOT; };
		00B30EAA187E6E8E00379CFD /* CoreGraphics.framework */ = {isa = PBXFileReference; lastKnownFileType = wrapper.framework; name = CoreGraphics.framework; path = System/Library/Frameworks/CoreGraphics.framework; sourceTree = SDKROOT; };
		00B30EAC187E6E8E00379CFD /* UIKit.framework */ = {isa = PBXFileReference; lastKnownFileType = wrapper.framework; name = UIKit.framework; path = System/Library/Frameworks/UIKit.framework; sourceTree = SDKROOT; };
		00B30EB0187E6E8E00379CFD /* TouchDrawing-Info.plist */ = {isa = PBXFileReference; lastKnownFileType = text.plist.xml; path = "TouchDrawing-Info.plist"; sourceTree = "<group>"; };
		00B30EB2187E6E8E00379CFD /* en */ = {isa = PBXFileReference; lastKnownFileType = text.plist.strings; name = en; path = en.lproj/InfoPlist.strings; sourceTree = "<group>"; };
		00B30EB4187E6E8E00379CFD /* main.m */ = {isa = PBXFileReference; lastKnownFileType = sourcecode.c.objc; path = main.m; sourceTree = "<group>"; };
		00B30EB6187E6E8E00379CFD /* TouchDrawing-Prefix.pch */ = {isa = PBXFileReference; lastKnownFileType = sourcecode.c.h; path = "TouchDrawing-Prefix.pch"; sourceTree = "<group>"; };
		00B30EB7187E6E8E00379CFD /* AppDelegate.h */ = {isa = PBXFileReference; lastKnownFileType = sourcecode.c.h; path = AppDelegate.h; sourceTree = "<group>"; };
		00B30EB8187E6E8E00379CFD /* AppDelegate.m */ = {isa = PBXFileReference; lastKnownFileType = sourcecode.c.objc; path = AppDelegate.m; sourceTree = "<group>"; };
		00B30EBB187E6E8E00379CFD /* Base */ = {isa = PBXFileReference; lastKnownFileType = file.storyboard; name = Base; path = Base.lproj/Main.storyboard; sourceTree = "<group>"; };
		00B30EBD187E6E8E00379CFD /* ViewController.h */ = {isa = PBXFileReference; lastKnownFileType = sourcecode.c.h; path = ViewController.h; sourceTree = "<group>"; };
		00B30EBE187E6E8E00379CFD /* ViewController.m */ = {isa = PBXFileReference; lastKnownFileType = sourcecode.c.objc; path = ViewController.m; sourceTree = "<group>"; };
		00B30EC0187E6E8E00379CFD /* Images.xcassets */ = {isa = PBXFileReference; lastKnownFileType = folder.assetcatalog; path = Images.xcassets; sourceTree = "<group>"; };
		00B30EC6187E6E8E00379CFD /* TouchDrawingTests.xctest */ = {isa = PBXFileReference; explicitFileType = wrapper.cfbundle; includeInIndex = 0; path = TouchDrawingTests.xctest; sourceTree = BUILT_PRODUCTS_DIR; };
		00B30EC7187E6E8E00379CFD /* XCTest.framework */ = {isa = PBXFileReference; lastKnownFileType = wrapper.framework; name = XCTest.framework; path = Library/Frameworks/XCTest.framework; sourceTree = DEVELOPER_DIR; };
		00B30ECF187E6E8E00379CFD /* TouchDrawingTests-Info.plist */ = {isa = PBXFileReference; lastKnownFileType = text.plist.xml; path = "TouchDrawingTests-Info.plist"; sourceTree = "<group>"; };
		00B30ED1187E6E8E00379CFD /* en */ = {isa = PBXFileReference; lastKnownFileType = text.plist.strings; name = en; path = en.lproj/InfoPlist.strings; sourceTree = "<group>"; };
		00B30ED3187E6E8E00379CFD /* TouchDrawingTests.m */ = {isa = PBXFileReference; lastKnownFileType = sourcecode.c.objc; path = TouchDrawingTests.m; sourceTree = "<group>"; };
		00B30EDD187E6EB700379CFD /* DrawingView.h */ = {isa = PBXFileReference; fileEncoding = 4; lastKnownFileType = sourcecode.c.h; path = DrawingView.h; sourceTree = "<group>"; };
		00B30EDE187E6EB700379CFD /* DrawingView.m */ = {isa = PBXFileReference; fileEncoding = 4; lastKnownFileType = sourcecode.c.objc; path = DrawingView.m; sourceTree = "<group>"; };
/* End PBXFileReference section */

/* Begin PBXFrameworksBuildPhase section */
		00B30EA2187E6E8E00379CFD /* Frameworks */ = {
			isa = PBXFrameworksBuildPhase;
			buildActionMask = 2147483647;
			files = (
				00B30EAB187E6E8E00379CFD /* CoreGraphics.framework in Frameworks */,
				00B30EAD187E6E8E00379CFD /* UIKit.framework in Frameworks */,
				00B30EA9187E6E8E00379CFD /* Foundation.framework in Frameworks */,
			);
			runOnlyForDeploymentPostprocessing = 0;
		};
		00B30EC3187E6E8E00379CFD /* Frameworks */ = {
			isa = PBXFrameworksBuildPhase;
			buildActionMask = 2147483647;
			files = (
				00B30EC8187E6E8E00379CFD /* XCTest.framework in Frameworks */,
				00B30ECA187E6E8E00379CFD /* UIKit.framework in Frameworks */,
				00B30EC9187E6E8E00379CFD /* Foundation.framework in Frameworks */,
			);
			runOnlyForDeploymentPostprocessing = 0;
		};
/* End PBXFrameworksBuildPhase section */

/* Begin PBXGroup section */
		00B30E9C187E6E8E00379CFD = {
			isa = PBXGroup;
			children = (
				00B30EAE187E6E8E00379CFD /* TouchDrawing */,
				00B30ECD187E6E8E00379CFD /* TouchDrawingTests */,
				00B30EA7187E6E8E00379CFD /* Frameworks */,
				00B30EA6187E6E8E00379CFD /* Products */,
			);
			sourceTree = "<group>";
		};
		00B30EA6187E6E8E00379CFD /* Products */ = {
			isa = PBXGroup;
			children = (
				00B30EA5187E6E8E00379CFD /* TouchDrawing.app */,
				00B30EC6187E6E8E00379CFD /* TouchDrawingTests.xctest */,
			);
			name = Products;
			sourceTree = "<group>";
		};
		00B30EA7187E6E8E00379CFD /* Frameworks */ = {
			isa = PBXGroup;
			children = (
				00B30EA8187E6E8E00379CFD /* Foundation.framework */,
				00B30EAA187E6E8E00379CFD /* CoreGraphics.framework */,
				00B30EAC187E6E8E00379CFD /* UIKit.framework */,
				00B30EC7187E6E8E00379CFD /* XCTest.framework */,
			);
			name = Frameworks;
			sourceTree = "<group>";
		};
		00B30EAE187E6E8E00379CFD /* TouchDrawing */ = {
			isa = PBXGroup;
			children = (
				00B30EB7187E6E8E00379CFD /* AppDelegate.h */,
				00B30EB8187E6E8E00379CFD /* AppDelegate.m */,
				00B30EBA187E6E8E00379CFD /* Main.storyboard */,
				00B30EBD187E6E8E00379CFD /* ViewController.h */,
				00B30EBE187E6E8E00379CFD /* ViewController.m */,
				00B30EDD187E6EB700379CFD /* DrawingView.h */,
				00B30EDE187E6EB700379CFD /* DrawingView.m */,
				00B30EC0187E6E8E00379CFD /* Images.xcassets */,
				00B30EAF187E6E8E00379CFD /* Supporting Files */,
			);
			path = TouchDrawing;
			sourceTree = "<group>";
		};
		00B30EAF187E6E8E00379CFD /* Supporting Files */ = {
			isa = PBXGroup;
			children = (
				00B30EB0187E6E8E00379CFD /* TouchDrawing-Info.plist */,
				00B30EB1187E6E8E00379CFD /* InfoPlist.strings */,
				00B30EB4187E6E8E00379CFD /* main.m */,
				00B30EB6187E6E8E00379CFD /* TouchDrawing-Prefix.pch */,
			);
			name = "Supporting Files";
			sourceTree = "<group>";
		};
		00B30ECD187E6E8E00379CFD /* TouchDrawingTests */ = {
			isa = PBXGroup;
			children = (
				00B30ED3187E6E8E00379CFD /* TouchDrawingTests.m */,
				00B30ECE187E6E8E00379CFD /* Supporting Files */,
			);
			path = TouchDrawingTests;
			sourceTree = "<group>";
		};
		00B30ECE187E6E8E00379CFD /* Supporting Files */ = {
			isa = PBXGroup;
			children = (
				00B30ECF187E6E8E00379CFD /* TouchDrawingTests-Info.plist */,
				00B30ED0187E6E8E00379CFD /* InfoPlist.strings */,
			);
			name = "Supporting Files";
			sourceTree = "<group>";
		};
/* End PBXGroup section */

/* Begin PBXNativeTarget section */
		00B30EA4187E6E8E00379CFD /* TouchDrawing */ = {
			isa = PBXNativeTarget;
			buildConfigurationList = 00B30ED7187E6E8E00379CFD /* Build configuration list for PBXNativeTarget "TouchDrawing" */;
			buildPhases = (
				00B30EA1187E6E8E00379CFD /* Sources */,
				00B30EA2187E6E8E00379CFD /* Frameworks */,
				00B30EA3187E6E8E00379CFD /* Resources */,
			);
			buildRules = (
			);
			dependencies = (
			);
			name = TouchDrawing;
			productName = TouchDrawing;
			productReference = 00B30EA5187E6E8E00379CFD /* TouchDrawing.app */;
			productType = "com.apple.product-type.application";
		};
		00B30EC5187E6E8E00379CFD /* TouchDrawingTests */ = {
			isa = PBXNativeTarget;
			buildConfigurationList = 00B30EDA187E6E8E00379CFD /* Build configuration list for PBXNativeTarget "TouchDrawingTests" */;
			buildPhases = (
				00B30EC2187E6E8E00379CFD /* Sources */,
				00B30EC3187E6E8E00379CFD /* Frameworks */,
				00B30EC4187E6E8E00379CFD /* Resources */,
			);
			buildRules = (
			);
			dependencies = (
				00B30ECC187E6E8E00379CFD /* PBXTargetDependency */,
			);
			name = TouchDrawingTests;
			productName = TouchDrawingTests;
			productReference = 00B30EC6187E6E8E00379CFD /* TouchDrawingTests.xctest */;
			productType = "com.apple.product-type.bundle.unit-test";
		};
/* End PBXNativeTarget section */

/* Begin PBXProject section */
		00B30E9D187E6E8E00379CFD /* Project object */ = {
			isa = PBXProject;
			attributes = {
				LastUpgradeCheck = 0500;
				ORGANIZATIONNAME = steve;
				TargetAttributes = {
					00B30EC5187E6E8E00379CFD = {
						TestTargetID = 00B30EA4187E6E8E00379CFD;
					};
				};
			};
			buildConfigurationList = 00B30EA0187E6E8E00379CFD /* Build configuration list for PBXProject "TouchDrawing" */;
			compatibilityVersion = "Xcode 3.2";
			developmentRegion = English;
			hasScannedForEncodings = 0;
			knownRegions = (
				en,
				Base,
			);
			mainGroup = 00B30E9C187E6E8E00379CFD;
			productRefGroup = 00B30EA6187E6E8E00379CFD /* Products */;
			projectDirPath = "";
			projectRoot = "";
			targets = (
				00B30EA4187E6E8E00379CFD /* TouchDrawing */,
				00B30EC5187E6E8E00379CFD /* TouchDrawingTests */,
			);
		};
/* End PBXProject section */

/* Begin PBXResourcesBuildPhase section */
		00B30EA3187E6E8E00379CFD /* Resources */ = {
			isa = PBXResourcesBuildPhase;
			buildActionMask = 2147483647;
			files = (
				00B30EC1187E6E8E00379CFD /* Images.xcassets in Resources */,
				00B30EB3187E6E8E00379CFD /* InfoPlist.strings in Resources */,
				00B30EBC187E6E8E00379CFD /* Main.storyboard in Resources */,
			);
			runOnlyForDeploymentPostprocessing = 0;
		};
		00B30EC4187E6E8E00379CFD /* Resources */ = {
			isa = PBXResourcesBuildPhase;
			buildActionMask = 2147483647;
			files = (
				00B30ED2187E6E8E00379CFD /* InfoPlist.strings in Resources */,
			);
			runOnlyForDeploymentPostprocessing = 0;
		};
/* End PBXResourcesBuildPhase section */

/* Begin PBXSourcesBuildPhase section */
		00B30EA1187E6E8E00379CFD /* Sources */ = {
			isa = PBXSourcesBuildPhase;
			buildActionMask = 2147483647;
			files = (
				00B30EBF187E6E8E00379CFD /* ViewController.m in Sources */,
				00B30EB9187E6E8E00379CFD /* AppDelegate.m in Sources */,
				00B30EB5187E6E8E00379CFD /* main.m in Sources */,
				00B30EDF187E6EB700379CFD /* DrawingView.m in Sources */,
			);
			runOnlyForDeploymentPostprocessing = 0;
		};
		00B30EC2187E6E8E00379CFD /* Sources */ = {
			isa = PBXSourcesBuildPhase;
			buildActionMask = 2147483647;
			files = (
				00B30ED4187E6E8E00379CFD /* TouchDrawingTests.m in Sources */,
			);
			runOnlyForDeploymentPostprocessing = 0;
		};
/* End PBXSourcesBuildPhase section */

/* Begin PBXTargetDependency section */
		00B30ECC187E6E8E00379CFD /* PBXTargetDependency */ = {
			isa = PBXTargetDependency;
			target = 00B30EA4187E6E8E00379CFD /* TouchDrawing */;
			targetProxy = 00B30ECB187E6E8E00379CFD /* PBXContainerItemProxy */;
		};
/* End PBXTargetDependency section */

/* Begin PBXVariantGroup section */
		00B30EB1187E6E8E00379CFD /* InfoPlist.strings */ = {
			isa = PBXVariantGroup;
			children = (
				00B30EB2187E6E8E00379CFD /* en */,
			);
			name = InfoPlist.strings;
			sourceTree = "<group>";
		};
		00B30EBA187E6E8E00379CFD /* Main.storyboard */ = {
			isa = PBXVariantGroup;
			children = (
				00B30EBB187E6E8E00379CFD /* Base */,
			);
			name = Main.storyboard;
			sourceTree = "<group>";
		};
		00B30ED0187E6E8E00379CFD /* InfoPlist.strings */ = {
			isa = PBXVariantGroup;
			children = (
				00B30ED1187E6E8E00379CFD /* en */,
			);
			name = InfoPlist.strings;
			sourceTree = "<group>";
		};
/* End PBXVariantGroup section */

/* Begin XCBuildConfiguration section */
		00B30ED5187E6E8E00379CFD /* Debug */ = {
			isa = XCBuildConfiguration;
			buildSettings = {
				ALWAYS_SEARCH_USER_PATHS = NO;
				ARCHS = "$(ARCHS_STANDARD_INCLUDING_64_BIT)";
				CLANG_CXX_LANGUAGE_STANDARD = "gnu++0x";
				CLANG_CXX_LIBRARY = "libc++";
				CLANG_ENABLE_MODULES = YES;
				CLANG_ENABLE_OBJC_ARC = YES;
				CLANG_WARN_BOOL_CONVERSION = YES;
				CLANG_WARN_CONSTANT_CONVERSION = YES;
				CLANG_WARN_DIRECT_OBJC_ISA_USAGE = YES_ERROR;
				CLANG_WARN_EMPTY_BODY = YES;
				CLANG_WARN_ENUM_CONVERSION = YES;
				CLANG_WARN_INT_CONVERSION = YES;
				CLANG_WARN_OBJC_ROOT_CLASS = YES_ERROR;
				CLANG_WARN__DUPLICATE_METHOD_MATCH = YES;
				"CODE_SIGN_IDENTITY[sdk=iphoneos*]" = "iPhone Developer";
				COPY_PHASE_STRIP = NO;
				GCC_C_LANGUAGE_STANDARD = gnu99;
				GCC_DYNAMIC_NO_PIC = NO;
				GCC_OPTIMIZATION_LEVEL = 0;
				GCC_PREPROCESSOR_DEFINITIONS = (
					"DEBUG=1",
					"$(inherited)",
				);
				GCC_SYMBOLS_PRIVATE_EXTERN = NO;
				GCC_WARN_64_TO_32_BIT_CONVERSION = YES;
				GCC_WARN_ABOUT_RETURN_TYPE = YES_ERROR;
				GCC_WARN_UNDECLARED_SELECTOR = YES;
				GCC_WARN_UNINITIALIZED_AUTOS = YES;
				GCC_WARN_UNUSED_FUNCTION = YES;
				GCC_WARN_UNUSED_VARIABLE = YES;
				IPHONEOS_DEPLOYMENT_TARGET = 7.0;
				ONLY_ACTIVE_ARCH = YES;
				SDKROOT = iphoneos;
			};
			name = Debug;
		};
		00B30ED6187E6E8E00379CFD /* Release */ = {
			isa = XCBuildConfiguration;
			buildSettings = {
				ALWAYS_SEARCH_USER_PATHS = NO;
				ARCHS = "$(ARCHS_STANDARD_INCLUDING_64_BIT)";
				CLANG_CXX_LANGUAGE_STANDARD = "gnu++0x";
				CLANG_CXX_LIBRARY = "libc++";
				CLANG_ENABLE_MODULES = YES;
				CLANG_ENABLE_OBJC_ARC = YES;
				CLANG_WARN_BOOL_CONVERSION = YES;
				CLANG_WARN_CONSTANT_CONVERSION = YES;
				CLANG_WARN_DIRECT_OBJC_ISA_USAGE = YES_ERROR;
				CLANG_WARN_EMPTY_BODY = YES;
				CLANG_WARN_ENUM_CONVERSION = YES;
				CLANG_WARN_INT_CONVERSION = YES;
				CLANG_WARN_OBJC_ROOT_CLASS = YES_ERROR;
				CLANG_WARN__DUPLICATE_METHOD_MATCH = YES;
				"CODE_SIGN_IDENTITY[sdk=iphoneos*]" = "iPhone Developer";
				COPY_PHASE_STRIP = YES;
				ENABLE_NS_ASSERTIONS = NO;
				GCC_C_LANGUAGE_STANDARD = gnu99;
				GCC_WARN_64_TO_32_BIT_CONVERSION = YES;
				GCC_WARN_ABOUT_RETURN_TYPE = YES_ERROR;
				GCC_WARN_UNDECLARED_SELECTOR = YES;
				GCC_WARN_UNINITIALIZED_AUTOS = YES;
				GCC_WARN_UNUSED_FUNCTION = YES;
				GCC_WARN_UNUSED_VARIABLE = YES;
				IPHONEOS_DEPLOYMENT_TARGET = 7.0;
				SDKROOT = iphoneos;
				VALIDATE_PRODUCT = YES;
			};
			name = Release;
		};
		00B30ED8187E6E8E00379CFD /* Debug */ = {
			isa = XCBuildConfiguration;
			buildSettings = {
				ASSETCATALOG_COMPILER_APPICON_NAME = AppIcon;
				ASSETCATALOG_COMPILER_LAUNCHIMAGE_NAME = LaunchImage;
				GCC_PRECOMPILE_PREFIX_HEADER = YES;
				GCC_PREFIX_HEADER = "TouchDrawing/TouchDrawing-Prefix.pch";
				INFOPLIST_FILE = "TouchDrawing/TouchDrawing-Info.plist";
				PRODUCT_NAME = "$(TARGET_NAME)";
				WRAPPER_EXTENSION = app;
			};
			name = Debug;
		};
		00B30ED9187E6E8E00379CFD /* Release */ = {
			isa = XCBuildConfiguration;
			buildSettings = {
				ASSETCATALOG_COMPILER_APPICON_NAME = AppIcon;
				ASSETCATALOG_COMPILER_LAUNCHIMAGE_NAME = LaunchImage;
				GCC_PRECOMPILE_PREFIX_HEADER = YES;
				GCC_PREFIX_HEADER = "TouchDrawing/TouchDrawing-Prefix.pch";
				INFOPLIST_FILE = "TouchDrawing/TouchDrawing-Info.plist";
				PRODUCT_NAME = "$(TARGET_NAME)";
				WRAPPER_EXTENSION = app;
			};
			name = Release;
		};
		00B30EDB187E6E8E00379CFD /* Debug */ = {
			isa = XCBuildConfiguration;
			buildSettings = {
				ARCHS = "$(ARCHS_STANDARD_INCLUDING_64_BIT)";
				BUNDLE_LOADER = "$(BUILT_PRODUCTS_DIR)/TouchDrawing.app/TouchDrawing";
				FRAMEWORK_SEARCH_PATHS = (
					"$(SDKROOT)/Developer/Library/Frameworks",
					"$(inherited)",
					"$(DEVELOPER_FRAMEWORKS_DIR)",
				);
				GCC_PRECOMPILE_PREFIX_HEADER = YES;
				GCC_PREFIX_HEADER = "TouchDrawing/TouchDrawing-Prefix.pch";
				GCC_PREPROCESSOR_DEFINITIONS = (
					"DEBUG=1",
					"$(inherited)",
				);
				INFOPLIST_FILE = "TouchDrawingTests/TouchDrawingTests-Info.plist";
				PRODUCT_NAME = "$(TARGET_NAME)";
				TEST_HOST = "$(BUNDLE_LOADER)";
				WRAPPER_EXTENSION = xctest;
			};
			name = Debug;
		};
		00B30EDC187E6E8E00379CFD /* Release */ = {
			isa = XCBuildConfiguration;
			buildSettings = {
				ARCHS = "$(ARCHS_STANDARD_INCLUDING_64_BIT)";
				BUNDLE_LOADER = "$(BUILT_PRODUCTS_DIR)/TouchDrawing.app/TouchDrawing";
				FRAMEWORK_SEARCH_PATHS = (
					"$(SDKROOT)/Developer/Library/Frameworks",
					"$(inherited)",
					"$(DEVELOPER_FRAMEWORKS_DIR)",
				);
				GCC_PRECOMPILE_PREFIX_HEADER = YES;
				GCC_PREFIX_HEADER = "TouchDrawing/TouchDrawing-Prefix.pch";
				INFOPLIST_FILE = "TouchDrawingTests/TouchDrawingTests-Info.plist";
				PRODUCT_NAME = "$(TARGET_NAME)";
				TEST_HOST = "$(BUNDLE_LOADER)";
				WRAPPER_EXTENSION = xctest;
			};
			name = Release;
		};
/* End XCBuildConfiguration section */

/* Begin XCConfigurationList section */
		00B30EA0187E6E8E00379CFD /* Build configuration list for PBXProject "TouchDrawing" */ = {
			isa = XCConfigurationList;
			buildConfigurations = (
				00B30ED5187E6E8E00379CFD /* Debug */,
				00B30ED6187E6E8E00379CFD /* Release */,
			);
			defaultConfigurationIsVisible = 0;
			defaultConfigurationName = Release;
		};
		00B30ED7187E6E8E00379CFD /* Build configuration list for PBXNativeTarget "TouchDrawing" */ = {
			isa = XCConfigurationList;
			buildConfigurations = (
				00B30ED8187E6E8E00379CFD /* Debug */,
				00B30ED9187E6E8E00379CFD /* Release */,
			);
			defaultConfigurationIsVisible = 0;
		};
		00B30EDA187E6E8E00379CFD /* Build configuration list for PBXNativeTarget "TouchDrawingTests" */ = {
			isa = XCConfigurationList;
			buildConfigurations = (
				00B30EDB187E6E8E00379CFD /* Debug */,
				00B30EDC187E6E8E00379CFD /* Release */,
			);
			defaultConfigurationIsVisible = 0;
		};
/* End XCConfigurationList section */
	};
	rootObject = 00B30E9D187E6E8E00379CFD /* Project object */;
}
